
Microsoft Visual Studio Solution File, Format Version 12.00
# Visual Studio Version 16
VisualStudioVersion = 16.0.31321.278
MinimumVisualStudioVersion = 10.0.40219.1
Project("{FAE04EC0-301F-11D3-BF4B-00C04F79EFBC}") = "TPC_Stamm_Gomez", "TPC_Stamm_Gomez.csproj", "{D18D4E4F-E9F6-44FA-A7A0-70B094EAC2E6}"
EndProject
Project("{FAE04EC0-301F-11D3-BF4B-00C04F79EFBC}") = "Dominio", "..\Dominio\Dominio.csproj", "{3C447449-C90C-43CA-9B55-E07488160B1C}"
EndProject
Project("{FAE04EC0-301F-11D3-BF4B-00C04F79EFBC}") = "Negocio", "..\Negocio\Negocio.csproj", "{A1E86037-F0CB-4EC8-925B-BFFD609C9CB1}"
EndProject
Global
	GlobalSection(SolutionConfigurationPlatforms) = preSolution
		Debug|Any CPU = Debug|Any CPU
		Release|Any CPU = Release|Any CPU
	EndGlobalSection
	GlobalSection(ProjectConfigurationPlatforms) = postSolution
		{D18D4E4F-E9F6-44FA-A7A0-70B094EAC2E6}.Debug|Any CPU.ActiveCfg = Debug|Any CPU
		{D18D4E4F-E9F6-44FA-A7A0-70B094EAC2E6}.Debug|Any CPU.Build.0 = Debug|Any CPU
		{D18D4E4F-E9F6-44FA-A7A0-70B094EAC2E6}.Release|Any CPU.ActiveCfg = Release|Any CPU
		{D18D4E4F-E9F6-44FA-A7A0-70B094EAC2E6}.Release|Any CPU.Build.0 = Release|Any CPU
		{3C447449-C90C-43CA-9B55-E07488160B1C}.Debug|Any CPU.ActiveCfg = Debug|Any CPU
		{3C447449-C90C-43CA-9B55-E07488160B1C}.Debug|Any CPU.Build.0 = Debug|Any CPU
		{3C447449-C90C-43CA-9B55-E07488160B1C}.Release|Any CPU.ActiveCfg = Release|Any CPU
		{3C447449-C90C-43CA-9B55-E07488160B1C}.Release|Any CPU.Build.0 = Release|Any CPU
		{A1E86037-F0CB-4EC8-925B-BFFD609C9CB1}.Debug|Any CPU.ActiveCfg = Debug|Any CPU
		{A1E86037-F0CB-4EC8-925B-BFFD609C9CB1}.Debug|Any CPU.Build.0 = Debug|Any CPU
		{A1E86037-F0CB-4EC8-925B-BFFD609C9CB1}.Release|Any CPU.ActiveCfg = Release|Any CPU
		{A1E86037-F0CB-4EC8-925B-BFFD609C9CB1}.Release|Any CPU.Build.0 = Release|Any CPU
	EndGlobalSection
	GlobalSection(SolutionProperties) = preSolution
		HideSolutionNode = FALSE
	EndGlobalSection
	GlobalSection(ExtensibilityGlobals) = postSolution
		SolutionGuid = {F4D9B8FC-9157-4278-BDE8-D9D4100657FB}
	EndGlobalSection
EndGlobal
